
Microsoft Visual Studio Solution File, Format Version 12.00
# Visual Studio Version 16
VisualStudioVersion = 16.0.31911.196
MinimumVisualStudioVersion = 10.0.40219.1
Project("{9A19103F-16F7-4668-BE54-9A1E7A4F7556}") = "P2_UnitTestMock", "P2_UnitTestMock\P2_UnitTestMock.csproj", "{81BDB3E0-292C-44C4-8060-DC728A148339}"
EndProject
Project("{FAE04EC0-301F-11D3-BF4B-00C04F79EFBC}") = "UnitTest", "UnitTest\UnitTest.csproj", "{E1E36EE6-C364-4681-BDC9-1AFCB4421185}"
EndProject
Global
	GlobalSection(SolutionConfigurationPlatforms) = preSolution
		Debug|Any CPU = Debug|Any CPU
		Release|Any CPU = Release|Any CPU
	EndGlobalSection
	GlobalSection(ProjectConfigurationPlatforms) = postSolution
		{81BDB3E0-292C-44C4-8060-DC728A148339}.Debug|Any CPU.ActiveCfg = Debug|Any CPU
		{81BDB3E0-292C-44C4-8060-DC728A148339}.Debug|Any CPU.Build.0 = Debug|Any CPU
		{81BDB3E0-292C-44C4-8060-DC728A148339}.Release|Any CPU.ActiveCfg = Release|Any CPU
		{81BDB3E0-292C-44C4-8060-DC728A148339}.Release|Any CPU.Build.0 = Release|Any CPU
		{E1E36EE6-C364-4681-BDC9-1AFCB4421185}.Debug|Any CPU.ActiveCfg = Debug|Any CPU
		{E1E36EE6-C364-4681-BDC9-1AFCB4421185}.Debug|Any CPU.Build.0 = Debug|Any CPU
		{E1E36EE6-C364-4681-BDC9-1AFCB4421185}.Release|Any CPU.ActiveCfg = Release|Any CPU
		{E1E36EE6-C364-4681-BDC9-1AFCB4421185}.Release|Any CPU.Build.0 = Release|Any CPU
	EndGlobalSection
	GlobalSection(SolutionProperties) = preSolution
		HideSolutionNode = FALSE
	EndGlobalSection
	GlobalSection(ExtensibilityGlobals) = postSolution
		SolutionGuid = {CC792A52-B0C1-4EF8-89C6-05B37D3AFBFB}
	EndGlobalSection
EndGlobal
